
Microsoft Visual Studio Solution File, Format Version 12.00
# Visual Studio 2012
Project("{FAE04EC0-301F-11D3-BF4B-00C04F79EFBC}") = "FusionPackage", "FusionPackage\FusionPackage.csproj", "{F08A43E7-CCCC-440F-A47D-1216BF307E9A}"
EndProject
Project("{FAE04EC0-301F-11D3-BF4B-00C04F79EFBC}") = "FusionGame", "FusionGame\FusionGame.csproj", "{B764A39C-4B87-4C0D-95B0-8B2E10FCB350}"
EndProject
Global
	GlobalSection(SolutionConfigurationPlatforms) = preSolution
		Debug|Any CPU = Debug|Any CPU
		Debug|Mixed Platforms = Debug|Mixed Platforms
		Debug|x64 = Debug|x64
		Release|Any CPU = Release|Any CPU
		Release|Mixed Platforms = Release|Mixed Platforms
		Release|x64 = Release|x64
	EndGlobalSection
	GlobalSection(ProjectConfigurationPlatforms) = postSolution
		{F08A43E7-CCCC-440F-A47D-1216BF307E9A}.Debug|Any CPU.ActiveCfg = Debug|Any CPU
		{F08A43E7-CCCC-440F-A47D-1216BF307E9A}.Debug|Any CPU.Build.0 = Debug|Any CPU
		{F08A43E7-CCCC-440F-A47D-1216BF307E9A}.Debug|Mixed Platforms.ActiveCfg = Debug|Any CPU
		{F08A43E7-CCCC-440F-A47D-1216BF307E9A}.Debug|Mixed Platforms.Build.0 = Debug|Any CPU
		{F08A43E7-CCCC-440F-A47D-1216BF307E9A}.Debug|x64.ActiveCfg = Debug|Any CPU
		{F08A43E7-CCCC-440F-A47D-1216BF307E9A}.Release|Any CPU.ActiveCfg = Release|Any CPU
		{F08A43E7-CCCC-440F-A47D-1216BF307E9A}.Release|Any CPU.Build.0 = Release|Any CPU
		{F08A43E7-CCCC-440F-A47D-1216BF307E9A}.Release|Mixed Platforms.ActiveCfg = Release|Any CPU
		{F08A43E7-CCCC-440F-A47D-1216BF307E9A}.Release|Mixed Platforms.Build.0 = Release|Any CPU
		{F08A43E7-CCCC-440F-A47D-1216BF307E9A}.Release|x64.ActiveCfg = Release|Any CPU
		{B764A39C-4B87-4C0D-95B0-8B2E10FCB350}.Debug|Any CPU.ActiveCfg = Debug|Any CPU
		{B764A39C-4B87-4C0D-95B0-8B2E10FCB350}.Debug|Any CPU.Build.0 = Debug|Any CPU
		{B764A39C-4B87-4C0D-95B0-8B2E10FCB350}.Debug|Mixed Platforms.ActiveCfg = Debug|Any CPU
		{B764A39C-4B87-4C0D-95B0-8B2E10FCB350}.Debug|Mixed Platforms.Build.0 = Debug|Any CPU
		{B764A39C-4B87-4C0D-95B0-8B2E10FCB350}.Debug|x64.ActiveCfg = Debug|Any CPU
		{B764A39C-4B87-4C0D-95B0-8B2E10FCB350}.Release|Any CPU.ActiveCfg = Release|Any CPU
		{B764A39C-4B87-4C0D-95B0-8B2E10FCB350}.Release|Any CPU.Build.0 = Release|Any CPU
		{B764A39C-4B87-4C0D-95B0-8B2E10FCB350}.Release|Mixed Platforms.ActiveCfg = Release|Any CPU
		{B764A39C-4B87-4C0D-95B0-8B2E10FCB350}.Release|Mixed Platforms.Build.0 = Release|Any CPU
		{B764A39C-4B87-4C0D-95B0-8B2E10FCB350}.Release|x64.ActiveCfg = Release|Any CPU
	EndGlobalSection
	GlobalSection(SolutionProperties) = preSolution
		HideSolutionNode = FALSE
	EndGlobalSection
EndGlobal
